// !$*UTF8*$!
{
	archiveVersion = 1;
	classes = {
	};
	objectVersion = 46;
	objects = {

/* Begin PBXBuildFile section */
		CD3095FF1F45129800023C13 /* AppDelegate.swift in Sources */ = {isa = PBXBuildFile; fileRef = CD3095FE1F45129800023C13 /* AppDelegate.swift */; };
		CD3096011F45129800023C13 /* ViewController.swift in Sources */ = {isa = PBXBuildFile; fileRef = CD3096001F45129800023C13 /* ViewController.swift */; };
		CD3096041F45129800023C13 /* Main.storyboard in Resources */ = {isa = PBXBuildFile; fileRef = CD3096021F45129800023C13 /* Main.storyboard */; };
		CD3096061F45129800023C13 /* Assets.xcassets in Resources */ = {isa = PBXBuildFile; fileRef = CD3096051F45129800023C13 /* Assets.xcassets */; };
		CD3096091F45129800023C13 /* LaunchScreen.storyboard in Resources */ = {isa = PBXBuildFile; fileRef = CD3096071F45129800023C13 /* LaunchScreen.storyboard */; };
		CD3096141F45129800023C13 /* FuelAutomationTests.swift in Sources */ = {isa = PBXBuildFile; fileRef = CD3096131F45129800023C13 /* FuelAutomationTests.swift */; };
		CD30961F1F45129800023C13 /* FuelAutomationUITests.swift in Sources */ = {isa = PBXBuildFile; fileRef = CD30961E1F45129800023C13 /* FuelAutomationUITests.swift */; };
		CD30962D1F4512CB00023C13 /* loginBackGround.png in Resources */ = {isa = PBXBuildFile; fileRef = CD30962C1F4512CB00023C13 /* loginBackGround.png */; };
/* End PBXBuildFile section */

/* Begin PBXContainerItemProxy section */
		CD3096101F45129800023C13 /* PBXContainerItemProxy */ = {
			isa = PBXContainerItemProxy;
			containerPortal = CD3095F31F45129800023C13 /* Project object */;
			proxyType = 1;
			remoteGlobalIDString = CD3095FA1F45129800023C13;
			remoteInfo = FuelAutomation;
		};
		CD30961B1F45129800023C13 /* PBXContainerItemProxy */ = {
			isa = PBXContainerItemProxy;
			containerPortal = CD3095F31F45129800023C13 /* Project object */;
			proxyType = 1;
			remoteGlobalIDString = CD3095FA1F45129800023C13;
			remoteInfo = FuelAutomation;
		};
/* End PBXContainerItemProxy section */

/* Begin PBXFileReference section */
		CD3095FB1F45129800023C13 /* FuelAutomation.app */ = {isa = PBXFileReference; explicitFileType = wrapper.application; includeInIndex = 0; path = FuelAutomation.app; sourceTree = BUILT_PRODUCTS_DIR; };
		CD3095FE1F45129800023C13 /* AppDelegate.swift */ = {isa = PBXFileReference; lastKnownFileType = sourcecode.swift; path = AppDelegate.swift; sourceTree = "<group>"; };
		CD3096001F45129800023C13 /* ViewController.swift */ = {isa = PBXFileReference; lastKnownFileType = sourcecode.swift; path = ViewController.swift; sourceTree = "<group>"; };
		CD3096031F45129800023C13 /* Base */ = {isa = PBXFileReference; lastKnownFileType = file.storyboard; name = Base; path = Base.lproj/Main.storyboard; sourceTree = "<group>"; };
		CD3096051F45129800023C13 /* Assets.xcassets */ = {isa = PBXFileReference; lastKnownFileType = folder.assetcatalog; path = Assets.xcassets; sourceTree = "<group>"; };
		CD3096081F45129800023C13 /* Base */ = {isa = PBXFileReference; lastKnownFileType = file.storyboard; name = Base; path = Base.lproj/LaunchScreen.storyboard; sourceTree = "<group>"; };
		CD30960A1F45129800023C13 /* Info.plist */ = {isa = PBXFileReference; lastKnownFileType = text.plist.xml; path = Info.plist; sourceTree = "<group>"; };
		CD30960F1F45129800023C13 /* FuelAutomationTests.xctest */ = {isa = PBXFileReference; explicitFileType = wrapper.cfbundle; includeInIndex = 0; path = FuelAutomationTests.xctest; sourceTree = BUILT_PRODUCTS_DIR; };
		CD3096131F45129800023C13 /* FuelAutomationTests.swift */ = {isa = PBXFileReference; lastKnownFileType = sourcecode.swift; path = FuelAutomationTests.swift; sourceTree = "<group>"; };
		CD3096151F45129800023C13 /* Info.plist */ = {isa = PBXFileReference; lastKnownFileType = text.plist.xml; path = Info.plist; sourceTree = "<group>"; };
		CD30961A1F45129800023C13 /* FuelAutomationUITests.xctest */ = {isa = PBXFileReference; explicitFileType = wrapper.cfbundle; includeInIndex = 0; path = FuelAutomationUITests.xctest; sourceTree = BUILT_PRODUCTS_DIR; };
		CD30961E1F45129800023C13 /* FuelAutomationUITests.swift */ = {isa = PBXFileReference; lastKnownFileType = sourcecode.swift; path = FuelAutomationUITests.swift; sourceTree = "<group>"; };
		CD3096201F45129800023C13 /* Info.plist */ = {isa = PBXFileReference; lastKnownFileType = text.plist.xml; path = Info.plist; sourceTree = "<group>"; };
		CD30962C1F4512CB00023C13 /* loginBackGround.png */ = {isa = PBXFileReference; lastKnownFileType = image.png; path = loginBackGround.png; sourceTree = "<group>"; };
/* End PBXFileReference section */

/* Begin PBXFrameworksBuildPhase section */
		CD3095F81F45129800023C13 /* Frameworks */ = {
			isa = PBXFrameworksBuildPhase;
			buildActionMask = 2147483647;
			files = (
			);
			runOnlyForDeploymentPostprocessing = 0;
		};
		CD30960C1F45129800023C13 /* Frameworks */ = {
			isa = PBXFrameworksBuildPhase;
			buildActionMask = 2147483647;
			files = (
			);
			runOnlyForDeploymentPostprocessing = 0;
		};
		CD3096171F45129800023C13 /* Frameworks */ = {
			isa = PBXFrameworksBuildPhase;
			buildActionMask = 2147483647;
			files = (
			);
			runOnlyForDeploymentPostprocessing = 0;
		};
/* End PBXFrameworksBuildPhase section */

/* Begin PBXGroup section */
		CD3095F21F45129800023C13 = {
			isa = PBXGroup;
			children = (
				CD3095FD1F45129800023C13 /* FuelAutomation */,
				CD3096121F45129800023C13 /* FuelAutomationTests */,
				CD30961D1F45129800023C13 /* FuelAutomationUITests */,
				CD3095FC1F45129800023C13 /* Products */,
			);
			sourceTree = "<group>";
		};
		CD3095FC1F45129800023C13 /* Products */ = {
			isa = PBXGroup;
			children = (
				CD3095FB1F45129800023C13 /* FuelAutomation.app */,
				CD30960F1F45129800023C13 /* FuelAutomationTests.xctest */,
				CD30961A1F45129800023C13 /* FuelAutomationUITests.xctest */,
			);
			name = Products;
			sourceTree = "<group>";
		};
		CD3095FD1F45129800023C13 /* FuelAutomation */ = {
			isa = PBXGroup;
			children = (
				CD30962C1F4512CB00023C13 /* loginBackGround.png */,
				CD3095FE1F45129800023C13 /* AppDelegate.swift */,
				CD3096001F45129800023C13 /* ViewController.swift */,
				CD3096021F45129800023C13 /* Main.storyboard */,
				CD3096051F45129800023C13 /* Assets.xcassets */,
				CD3096071F45129800023C13 /* LaunchScreen.storyboard */,
				CD30960A1F45129800023C13 /* Info.plist */,
			);
			path = FuelAutomation;
			sourceTree = "<group>";
		};
		CD3096121F45129800023C13 /* FuelAutomationTests */ = {
			isa = PBXGroup;
			children = (
				CD3096131F45129800023C13 /* FuelAutomationTests.swift */,
				CD3096151F45129800023C13 /* Info.plist */,
			);
			path = FuelAutomationTests;
			sourceTree = "<group>";
		};
		CD30961D1F45129800023C13 /* FuelAutomationUITests */ = {
			isa = PBXGroup;
			children = (
				CD30961E1F45129800023C13 /* FuelAutomationUITests.swift */,
				CD3096201F45129800023C13 /* Info.plist */,
			);
			path = FuelAutomationUITests;
			sourceTree = "<group>";
		};
/* End PBXGroup section */

/* Begin PBXNativeTarget section */
		CD3095FA1F45129800023C13 /* FuelAutomation */ = {
			isa = PBXNativeTarget;
			buildConfigurationList = CD3096231F45129800023C13 /* Build configuration list for PBXNativeTarget "FuelAutomation" */;
			buildPhases = (
				CD3095F71F45129800023C13 /* Sources */,
				CD3095F81F45129800023C13 /* Frameworks */,
				CD3095F91F45129800023C13 /* Resources */,
			);
			buildRules = (
			);
			dependencies = (
			);
			name = FuelAutomation;
			productName = FuelAutomation;
			productReference = CD3095FB1F45129800023C13 /* FuelAutomation.app */;
			productType = "com.apple.product-type.application";
		};
		CD30960E1F45129800023C13 /* FuelAutomationTests */ = {
			isa = PBXNativeTarget;
			buildConfigurationList = CD3096261F45129800023C13 /* Build configuration list for PBXNativeTarget "FuelAutomationTests" */;
			buildPhases = (
				CD30960B1F45129800023C13 /* Sources */,
				CD30960C1F45129800023C13 /* Frameworks */,
				CD30960D1F45129800023C13 /* Resources */,
			);
			buildRules = (
			);
			dependencies = (
				CD3096111F45129800023C13 /* PBXTargetDependency */,
			);
			name = FuelAutomationTests;
			productName = FuelAutomationTests;
			productReference = CD30960F1F45129800023C13 /* FuelAutomationTests.xctest */;
			productType = "com.apple.product-type.bundle.unit-test";
		};
		CD3096191F45129800023C13 /* FuelAutomationUITests */ = {
			isa = PBXNativeTarget;
			buildConfigurationList = CD3096291F45129800023C13 /* Build configuration list for PBXNativeTarget "FuelAutomationUITests" */;
			buildPhases = (
				CD3096161F45129800023C13 /* Sources */,
				CD3096171F45129800023C13 /* Frameworks */,
				CD3096181F45129800023C13 /* Resources */,
			);
			buildRules = (
			);
			dependencies = (
				CD30961C1F45129800023C13 /* PBXTargetDependency */,
			);
			name = FuelAutomationUITests;
			productName = FuelAutomationUITests;
			productReference = CD30961A1F45129800023C13 /* FuelAutomationUITests.xctest */;
			productType = "com.apple.product-type.bundle.ui-testing";
		};
/* End PBXNativeTarget section */

/* Begin PBXProject section */
		CD3095F31F45129800023C13 /* Project object */ = {
			isa = PBXProject;
			attributes = {
				LastSwiftUpdateCheck = 0830;
				LastUpgradeCheck = 0830;
				ORGANIZATIONNAME = FuelAutomation;
				TargetAttributes = {
					CD3095FA1F45129800023C13 = {
						CreatedOnToolsVersion = 8.3.2;
						DevelopmentTeam = HD3BADAPFB;
						ProvisioningStyle = Automatic;
					};
					CD30960E1F45129800023C13 = {
						CreatedOnToolsVersion = 8.3.2;
						DevelopmentTeam = HD3BADAPFB;
						ProvisioningStyle = Automatic;
						TestTargetID = CD3095FA1F45129800023C13;
					};
					CD3096191F45129800023C13 = {
						CreatedOnToolsVersion = 8.3.2;
						DevelopmentTeam = HD3BADAPFB;
						ProvisioningStyle = Automatic;
						TestTargetID = CD3095FA1F45129800023C13;
					};
				};
			};
			buildConfigurationList = CD3095F61F45129800023C13 /* Build configuration list for PBXProject "FuelAutomation" */;
			compatibilityVersion = "Xcode 3.2";
			developmentRegion = English;
			hasScannedForEncodings = 0;
			knownRegions = (
				en,
				Base,
			);
			mainGroup = CD3095F21F45129800023C13;
			productRefGroup = CD3095FC1F45129800023C13 /* Products */;
			projectDirPath = "";
			projectRoot = "";
			targets = (
				CD3095FA1F45129800023C13 /* FuelAutomation */,
				CD30960E1F45129800023C13 /* FuelAutomationTests */,
				CD3096191F45129800023C13 /* FuelAutomationUITests */,
			);
		};
/* End PBXProject section */

/* Begin PBXResourcesBuildPhase section */
		CD3095F91F45129800023C13 /* Resources */ = {
			isa = PBXResourcesBuildPhase;
			buildActionMask = 2147483647;
			files = (
				CD3096091F45129800023C13 /* LaunchScreen.storyboard in Resources */,
				CD30962D1F4512CB00023C13 /* loginBackGround.png in Resources */,
				CD3096061F45129800023C13 /* Assets.xcassets in Resources */,
				CD3096041F45129800023C13 /* Main.storyboard in Resources */,
			);
			runOnlyForDeploymentPostprocessing = 0;
		};
		CD30960D1F45129800023C13 /* Resources */ = {
			isa = PBXResourcesBuildPhase;
			buildActionMask = 2147483647;
			files = (
			);
			runOnlyForDeploymentPostprocessing = 0;
		};
		CD3096181F45129800023C13 /* Resources */ = {
			isa = PBXResourcesBuildPhase;
			buildActionMask = 2147483647;
			files = (
			);
			runOnlyForDeploymentPostprocessing = 0;
		};
/* End PBXResourcesBuildPhase section */

/* Begin PBXSourcesBuildPhase section */
		CD3095F71F45129800023C13 /* Sources */ = {
			isa = PBXSourcesBuildPhase;
			buildActionMask = 2147483647;
			files = (
				CD3096011F45129800023C13 /* ViewController.swift in Sources */,
				CD3095FF1F45129800023C13 /* AppDelegate.swift in Sources */,
			);
			runOnlyForDeploymentPostprocessing = 0;
		};
		CD30960B1F45129800023C13 /* Sources */ = {
			isa = PBXSourcesBuildPhase;
			buildActionMask = 2147483647;
			files = (
				CD3096141F45129800023C13 /* FuelAutomationTests.swift in Sources */,
			);
			runOnlyForDeploymentPostprocessing = 0;
		};
		CD3096161F45129800023C13 /* Sources */ = {
			isa = PBXSourcesBuildPhase;
			buildActionMask = 2147483647;
			files = (
				CD30961F1F45129800023C13 /* FuelAutomationUITests.swift in Sources */,
			);
			runOnlyForDeploymentPostprocessing = 0;
		};
/* End PBXSourcesBuildPhase section */

/* Begin PBXTargetDependency section */
		CD3096111F45129800023C13 /* PBXTargetDependency */ = {
			isa = PBXTargetDependency;
			target = CD3095FA1F45129800023C13 /* FuelAutomation */;
			targetProxy = CD3096101F45129800023C13 /* PBXContainerItemProxy */;
		};
		CD30961C1F45129800023C13 /* PBXTargetDependency */ = {
			isa = PBXTargetDependency;
			target = CD3095FA1F45129800023C13 /* FuelAutomation */;
			targetProxy = CD30961B1F45129800023C13 /* PBXContainerItemProxy */;
		};
/* End PBXTargetDependency section */

/* Begin PBXVariantGroup section */
		CD3096021F45129800023C13 /* Main.storyboard */ = {
			isa = PBXVariantGroup;
			children = (
				CD3096031F45129800023C13 /* Base */,
			);
			name = Main.storyboard;
			sourceTree = "<group>";
		};
		CD3096071F45129800023C13 /* LaunchScreen.storyboard */ = {
			isa = PBXVariantGroup;
			children = (
				CD3096081F45129800023C13 /* Base */,
			);
			name = LaunchScreen.storyboard;
			sourceTree = "<group>";
		};
/* End PBXVariantGroup section */

/* Begin XCBuildConfiguration section */
		CD3096211F45129800023C13 /* Debug */ = {
			isa = XCBuildConfiguration;
			buildSettings = {
				ALWAYS_SEARCH_USER_PATHS = NO;
				CLANG_ANALYZER_NONNULL = YES;
				CLANG_ANALYZER_NUMBER_OBJECT_CONVERSION = YES_AGGRESSIVE;
				CLANG_CXX_LANGUAGE_STANDARD = "gnu++0x";
				CLANG_CXX_LIBRARY = "libc++";
				CLANG_ENABLE_MODULES = YES;
				CLANG_ENABLE_OBJC_ARC = YES;
				CLANG_WARN_BOOL_CONVERSION = YES;
				CLANG_WARN_CONSTANT_CONVERSION = YES;
				CLANG_WARN_DIRECT_OBJC_ISA_USAGE = YES_ERROR;
				CLANG_WARN_DOCUMENTATION_COMMENTS = YES;
				CLANG_WARN_EMPTY_BODY = YES;
				CLANG_WARN_ENUM_CONVERSION = YES;
				CLANG_WARN_INFINITE_RECURSION = YES;
				CLANG_WARN_INT_CONVERSION = YES;
				CLANG_WARN_OBJC_ROOT_CLASS = YES_ERROR;
				CLANG_WARN_SUSPICIOUS_MOVE = YES;
				CLANG_WARN_UNREACHABLE_CODE = YES;
				CLANG_WARN__DUPLICATE_METHOD_MATCH = YES;
				"CODE_SIGN_IDENTITY[sdk=iphoneos*]" = "iPhone Developer";
				COPY_PHASE_STRIP = NO;
				DEBUG_INFORMATION_FORMAT = dwarf;
				ENABLE_STRICT_OBJC_MSGSEND = YES;
				ENABLE_TESTABILITY = YES;
				GCC_C_LANGUAGE_STANDARD = gnu99;
				GCC_DYNAMIC_NO_PIC = NO;
				GCC_NO_COMMON_BLOCKS = YES;
				GCC_OPTIMIZATION_LEVEL = 0;
				GCC_PREPROCESSOR_DEFINITIONS = (
					"DEBUG=1",
					"$(inherited)",
				);
				GCC_WARN_64_TO_32_BIT_CONVERSION = YES;
				GCC_WARN_ABOUT_RETURN_TYPE = YES_ERROR;
				GCC_WARN_UNDECLARED_SELECTOR = YES;
				GCC_WARN_UNINITIALIZED_AUTOS = YES_AGGRESSIVE;
				GCC_WARN_UNUSED_FUNCTION = YES;
				GCC_WARN_UNUSED_VARIABLE = YES;
				IPHONEOS_DEPLOYMENT_TARGET = 10.3;
				MTL_ENABLE_DEBUG_INFO = YES;
				ONLY_ACTIVE_ARCH = YES;
				SDKROOT = iphoneos;
				SWIFT_ACTIVE_COMPILATION_CONDITIONS = DEBUG;
				SWIFT_OPTIMIZATION_LEVEL = "-Onone";
				TARGETED_DEVICE_FAMILY = "1,2";
			};
			name = Debug;
		};
		CD3096221F45129800023C13 /* Release */ = {
			isa = XCBuildConfiguration;
			buildSettings = {
				ALWAYS_SEARCH_USER_PATHS = NO;
				CLANG_ANALYZER_NONNULL = YES;
				CLANG_ANALYZER_NUMBER_OBJECT_CONVERSION = YES_AGGRESSIVE;
				CLANG_CXX_LANGUAGE_STANDARD = "gnu++0x";
				CLANG_CXX_LIBRARY = "libc++";
				CLANG_ENABLE_MODULES = YES;
				CLANG_ENABLE_OBJC_ARC = YES;
				CLANG_WARN_BOOL_CONVERSION = YES;
				CLANG_WARN_CONSTANT_CONVERSION = YES;
				CLANG_WARN_DIRECT_OBJC_ISA_USAGE = YES_ERROR;
				CLANG_WARN_DOCUMENTATION_COMMENTS = YES;
				CLANG_WARN_EMPTY_BODY = YES;
				CLANG_WARN_ENUM_CONVERSION = YES;
				CLANG_WARN_INFINITE_RECURSION = YES;
				CLANG_WARN_INT_CONVERSION = YES;
				CLANG_WARN_OBJC_ROOT_CLASS = YES_ERROR;
				CLANG_WARN_SUSPICIOUS_MOVE = YES;
				CLANG_WARN_UNREACHABLE_CODE = YES;
				CLANG_WARN__DUPLICATE_METHOD_MATCH = YES;
				"CODE_SIGN_IDENTITY[sdk=iphoneos*]" = "iPhone Developer";
				COPY_PHASE_STRIP = NO;
				DEBUG_INFORMATION_FORMAT = "dwarf-with-dsym";
				ENABLE_NS_ASSERTIONS = NO;
				ENABLE_STRICT_OBJC_MSGSEND = YES;
				GCC_C_LANGUAGE_STANDARD = gnu99;
				GCC_NO_COMMON_BLOCKS = YES;
				GCC_WARN_64_TO_32_BIT_CONVERSION = YES;
				GCC_WARN_ABOUT_RETURN_TYPE = YES_ERROR;
				GCC_WARN_UNDECLARED_SELECTOR = YES;
				GCC_WARN_UNINITIALIZED_AUTOS = YES_AGGRESSIVE;
				GCC_WARN_UNUSED_FUNCTION = YES;
				GCC_WARN_UNUSED_VARIABLE = YES;
				IPHONEOS_DEPLOYMENT_TARGET = 10.3;
				MTL_ENABLE_DEBUG_INFO = NO;
				SDKROOT = iphoneos;
				SWIFT_OPTIMIZATION_LEVEL = "-Owholemodule";
				TARGETED_DEVICE_FAMILY = "1,2";
				VALIDATE_PRODUCT = YES;
			};
			name = Release;
		};
		CD3096241F45129800023C13 /* Debug */ = {
			isa = XCBuildConfiguration;
			buildSettings = {
				ASSETCATALOG_COMPILER_APPICON_NAME = AppIcon;
				DEVELOPMENT_TEAM = HD3BADAPFB;
				INFOPLIST_FILE = FuelAutomation/Info.plist;
				LD_RUNPATH_SEARCH_PATHS = "$(inherited) @executable_path/Frameworks";
				PRODUCT_BUNDLE_IDENTIFIER = com.FuelAutomation.FuelAutomation;
				PRODUCT_NAME = "$(TARGET_NAME)";
				SWIFT_VERSION = 3.0;
			};
			name = Debug;
		};
		CD3096251F45129800023C13 /* Release */ = {
			isa = XCBuildConfiguration;
			buildSettings = {
				ASSETCATALOG_COMPILER_APPICON_NAME = AppIcon;
				DEVELOPMENT_TEAM = HD3BADAPFB;
				INFOPLIST_FILE = FuelAutomation/Info.plist;
				LD_RUNPATH_SEARCH_PATHS = "$(inherited) @executable_path/Frameworks";
				PRODUCT_BUNDLE_IDENTIFIER = com.FuelAutomation.FuelAutomation;
				PRODUCT_NAME = "$(TARGET_NAME)";
				SWIFT_VERSION = 3.0;
			};
			name = Release;
		};
		CD3096271F45129800023C13 /* Debug */ = {
			isa = XCBuildConfiguration;
			buildSettings = {
				ALWAYS_EMBED_SWIFT_STANDARD_LIBRARIES = YES;
				BUNDLE_LOADER = "$(TEST_HOST)";
				DEVELOPMENT_TEAM = HD3BADAPFB;
				INFOPLIST_FILE = FuelAutomationTests/Info.plist;
				LD_RUNPATH_SEARCH_PATHS = "$(inherited) @executable_path/Frameworks @loader_path/Frameworks";
				PRODUCT_BUNDLE_IDENTIFIER = com.FuelAutomation.FuelAutomationTests;
				PRODUCT_NAME = "$(TARGET_NAME)";
				SWIFT_VERSION = 3.0;
				TEST_HOST = "$(BUILT_PRODUCTS_DIR)/FuelAutomation.app/FuelAutomation";
			};
			name = Debug;
		};
		CD3096281F45129800023C13 /* Release */ = {
			isa = XCBuildConfiguration;
			buildSettings = {
				ALWAYS_EMBED_SWIFT_STANDARD_LIBRARIES = YES;
				BUNDLE_LOADER = "$(TEST_HOST)";
				DEVELOPMENT_TEAM = HD3BADAPFB;
				INFOPLIST_FILE = FuelAutomationTests/Info.plist;
				LD_RUNPATH_SEARCH_PATHS = "$(inherited) @executable_path/Frameworks @loader_path/Frameworks";
				PRODUCT_BUNDLE_IDENTIFIER = com.FuelAutomation.FuelAutomationTests;
				PRODUCT_NAME = "$(TARGET_NAME)";
				SWIFT_VERSION = 3.0;
				TEST_HOST = "$(BUILT_PRODUCTS_DIR)/FuelAutomation.app/FuelAutomation";
			};
			name = Release;
		};
		CD30962A1F45129800023C13 /* Debug */ = {
			isa = XCBuildConfiguration;
			buildSettings = {
				ALWAYS_EMBED_SWIFT_STANDARD_LIBRARIES = YES;
				DEVELOPMENT_TEAM = HD3BADAPFB;
				INFOPLIST_FILE = FuelAutomationUITests/Info.plist;
				LD_RUNPATH_SEARCH_PATHS = "$(inherited) @executable_path/Frameworks @loader_path/Frameworks";
				PRODUCT_BUNDLE_IDENTIFIER = com.FuelAutomation.FuelAutomationUITests;
				PRODUCT_NAME = "$(TARGET_NAME)";
				SWIFT_VERSION = 3.0;
				TEST_TARGET_NAME = FuelAutomation;
			};
			name = Debug;
		};
		CD30962B1F45129800023C13 /* Release */ = {
			isa = XCBuildConfiguration;
			buildSettings = {
				ALWAYS_EMBED_SWIFT_STANDARD_LIBRARIES = YES;
				DEVELOPMENT_TEAM = HD3BADAPFB;
				INFOPLIST_FILE = FuelAutomationUITests/Info.plist;
				LD_RUNPATH_SEARCH_PATHS = "$(inherited) @executable_path/Frameworks @loader_path/Frameworks";
				PRODUCT_BUNDLE_IDENTIFIER = com.FuelAutomation.FuelAutomationUITests;
				PRODUCT_NAME = "$(TARGET_NAME)";
				SWIFT_VERSION = 3.0;
				TEST_TARGET_NAME = FuelAutomation;
			};
			name = Release;
		};
/* End XCBuildConfiguration section */

/* Begin XCConfigurationList section */
		CD3095F61F45129800023C13 /* Build configuration list for PBXProject "FuelAutomation" */ = {
			isa = XCConfigurationList;
			buildConfigurations = (
				CD3096211F45129800023C13 /* Debug */,
				CD3096221F45129800023C13 /* Release */,
			);
			defaultConfigurationIsVisible = 0;
			defaultConfigurationName = Release;
		};
		CD3096231F45129800023C13 /* Build configuration list for PBXNativeTarget "FuelAutomation" */ = {
			isa = XCConfigurationList;
			buildConfigurations = (
				CD3096241F45129800023C13 /* Debug */,
				CD3096251F45129800023C13 /* Release */,
			);
			defaultConfigurationIsVisible = 0;
		};
		CD3096261F45129800023C13 /* Build configuration list for PBXNativeTarget "FuelAutomationTests" */ = {
			isa = XCConfigurationList;
			buildConfigurations = (
				CD3096271F45129800023C13 /* Debug */,
				CD3096281F45129800023C13 /* Release */,
			);
			defaultConfigurationIsVisible = 0;
		};
		CD3096291F45129800023C13 /* Build configuration list for PBXNativeTarget "FuelAutomationUITests" */ = {
			isa = XCConfigurationList;
			buildConfigurations = (
				CD30962A1F45129800023C13 /* Debug */,
				CD30962B1F45129800023C13 /* Release */,
			);
			defaultConfigurationIsVisible = 0;
		};
/* End XCConfigurationList section */
	};
	rootObject = CD3095F31F45129800023C13 /* Project object */;
}
